
Microsoft Visual Studio Solution File, Format Version 12.00
# Visual Studio Version 17
VisualStudioVersion = 17.3.32929.385
MinimumVisualStudioVersion = 10.0.40219.1
Project("{FAE04EC0-301F-11D3-BF4B-00C04F79EFBC}") = "AspNetCoreSample", "AspNetCoreSample\AspNetCoreSample.csproj", "{B6B73562-DE4A-4E2A-916A-E284557B964B}"
EndProject
Global
	GlobalSection(SolutionConfigurationPlatforms) = preSolution
		Debug|Any CPU = Debug|Any CPU
		Release|Any CPU = Release|Any CPU
	EndGlobalSection
	GlobalSection(ProjectConfigurationPlatforms) = postSolution
		{B6B73562-DE4A-4E2A-916A-E284557B964B}.Debug|Any CPU.ActiveCfg = Debug|Any CPU
		{B6B73562-DE4A-4E2A-916A-E284557B964B}.Debug|Any CPU.Build.0 = Debug|Any CPU
		{B6B73562-DE4A-4E2A-916A-E284557B964B}.Release|Any CPU.ActiveCfg = Release|Any CPU
		{B6B73562-DE4A-4E2A-916A-E284557B964B}.Release|Any CPU.Build.0 = Release|Any CPU
	EndGlobalSection
	GlobalSection(SolutionProperties) = preSolution
		HideSolutionNode = FALSE
	EndGlobalSection
	GlobalSection(ExtensibilityGlobals) = postSolution
		SolutionGuid = {A2775122-3562-4B92-B1F7-397CDD122134}
	EndGlobalSection
EndGlobal
